// !$*UTF8*$!
{
	archiveVersion = 1;
	classes = {
	};
	objectVersion = 46;
	objects = {

/* Begin PBXBuildFile section */
		3769C11E1B2C235E0098649E /* AppDelegate.swift in Sources */ = {isa = PBXBuildFile; fileRef = 3769C11D1B2C235E0098649E /* AppDelegate.swift */; };
		3769C1201B2C235E0098649E /* ViewController.swift in Sources */ = {isa = PBXBuildFile; fileRef = 3769C11F1B2C235E0098649E /* ViewController.swift */; };
		3769C1231B2C235E0098649E /* Main.storyboard in Resources */ = {isa = PBXBuildFile; fileRef = 3769C1211B2C235E0098649E /* Main.storyboard */; };
		3769C1251B2C235E0098649E /* Images.xcassets in Resources */ = {isa = PBXBuildFile; fileRef = 3769C1241B2C235E0098649E /* Images.xcassets */; };
		3769C1281B2C235E0098649E /* LaunchScreen.xib in Resources */ = {isa = PBXBuildFile; fileRef = 3769C1261B2C235E0098649E /* LaunchScreen.xib */; };
		3769C1341B2C235E0098649E /* iWatchCityBikesTests.swift in Sources */ = {isa = PBXBuildFile; fileRef = 3769C1331B2C235E0098649E /* iWatchCityBikesTests.swift */; };
		CE965FDF1B2C26C1000C8EFD /* MapKit.framework in Frameworks */ = {isa = PBXBuildFile; fileRef = CE965FDE1B2C26C1000C8EFD /* MapKit.framework */; };
/* End PBXBuildFile section */

/* Begin PBXContainerItemProxy section */
		3769C12E1B2C235E0098649E /* PBXContainerItemProxy */ = {
			isa = PBXContainerItemProxy;
			containerPortal = 3769C1101B2C235E0098649E /* Project object */;
			proxyType = 1;
			remoteGlobalIDString = 3769C1171B2C235E0098649E;
			remoteInfo = iWatchCityBikes;
		};
/* End PBXContainerItemProxy section */

/* Begin PBXFileReference section */
		3769C1181B2C235E0098649E /* iWatchCityBikes.app */ = {isa = PBXFileReference; explicitFileType = wrapper.application; includeInIndex = 0; path = iWatchCityBikes.app; sourceTree = BUILT_PRODUCTS_DIR; };
		3769C11C1B2C235E0098649E /* Info.plist */ = {isa = PBXFileReference; lastKnownFileType = text.plist.xml; path = Info.plist; sourceTree = "<group>"; };
		3769C11D1B2C235E0098649E /* AppDelegate.swift */ = {isa = PBXFileReference; lastKnownFileType = sourcecode.swift; path = AppDelegate.swift; sourceTree = "<group>"; };
		3769C11F1B2C235E0098649E /* ViewController.swift */ = {isa = PBXFileReference; lastKnownFileType = sourcecode.swift; path = ViewController.swift; sourceTree = "<group>"; };
		3769C1221B2C235E0098649E /* Base */ = {isa = PBXFileReference; lastKnownFileType = file.storyboard; name = Base; path = Base.lproj/Main.storyboard; sourceTree = "<group>"; };
		3769C1241B2C235E0098649E /* Images.xcassets */ = {isa = PBXFileReference; lastKnownFileType = folder.assetcatalog; path = Images.xcassets; sourceTree = "<group>"; };
		3769C1271B2C235E0098649E /* Base */ = {isa = PBXFileReference; lastKnownFileType = file.xib; name = Base; path = Base.lproj/LaunchScreen.xib; sourceTree = "<group>"; };
		3769C12D1B2C235E0098649E /* iWatchCityBikesTests.xctest */ = {isa = PBXFileReference; explicitFileType = wrapper.cfbundle; includeInIndex = 0; path = iWatchCityBikesTests.xctest; sourceTree = BUILT_PRODUCTS_DIR; };
		3769C1321B2C235E0098649E /* Info.plist */ = {isa = PBXFileReference; lastKnownFileType = text.plist.xml; path = Info.plist; sourceTree = "<group>"; };
		3769C1331B2C235E0098649E /* iWatchCityBikesTests.swift */ = {isa = PBXFileReference; lastKnownFileType = sourcecode.swift; path = iWatchCityBikesTests.swift; sourceTree = "<group>"; };
		CE965FDE1B2C26C1000C8EFD /* MapKit.framework */ = {isa = PBXFileReference; lastKnownFileType = wrapper.framework; name = MapKit.framework; path = System/Library/Frameworks/MapKit.framework; sourceTree = SDKROOT; };
/* End PBXFileReference section */

/* Begin PBXFrameworksBuildPhase section */
		3769C1151B2C235E0098649E /* Frameworks */ = {
			isa = PBXFrameworksBuildPhase;
			buildActionMask = 2147483647;
			files = (
				CE965FDF1B2C26C1000C8EFD /* MapKit.framework in Frameworks */,
			);
			runOnlyForDeploymentPostprocessing = 0;
		};
		3769C12A1B2C235E0098649E /* Frameworks */ = {
			isa = PBXFrameworksBuildPhase;
			buildActionMask = 2147483647;
			files = (
			);
			runOnlyForDeploymentPostprocessing = 0;
		};
/* End PBXFrameworksBuildPhase section */

/* Begin PBXGroup section */
		3769C10F1B2C235E0098649E = {
			isa = PBXGroup;
			children = (
				CE965FDE1B2C26C1000C8EFD /* MapKit.framework */,
				3769C11A1B2C235E0098649E /* iWatchCityBikes */,
				3769C1301B2C235E0098649E /* iWatchCityBikesTests */,
				3769C1191B2C235E0098649E /* Products */,
			);
			sourceTree = "<group>";
		};
		3769C1191B2C235E0098649E /* Products */ = {
			isa = PBXGroup;
			children = (
				3769C1181B2C235E0098649E /* iWatchCityBikes.app */,
				3769C12D1B2C235E0098649E /* iWatchCityBikesTests.xctest */,
			);
			name = Products;
			sourceTree = "<group>";
		};
		3769C11A1B2C235E0098649E /* iWatchCityBikes */ = {
			isa = PBXGroup;
			children = (
				3769C11D1B2C235E0098649E /* AppDelegate.swift */,
				3769C11F1B2C235E0098649E /* ViewController.swift */,
				3769C1211B2C235E0098649E /* Main.storyboard */,
				3769C1241B2C235E0098649E /* Images.xcassets */,
				3769C1261B2C235E0098649E /* LaunchScreen.xib */,
				3769C11B1B2C235E0098649E /* Supporting Files */,
			);
			path = iWatchCityBikes;
			sourceTree = "<group>";
		};
		3769C11B1B2C235E0098649E /* Supporting Files */ = {
			isa = PBXGroup;
			children = (
				3769C11C1B2C235E0098649E /* Info.plist */,
			);
			name = "Supporting Files";
			sourceTree = "<group>";
		};
		3769C1301B2C235E0098649E /* iWatchCityBikesTests */ = {
			isa = PBXGroup;
			children = (
				3769C1331B2C235E0098649E /* iWatchCityBikesTests.swift */,
				3769C1311B2C235E0098649E /* Supporting Files */,
			);
			path = iWatchCityBikesTests;
			sourceTree = "<group>";
		};
		3769C1311B2C235E0098649E /* Supporting Files */ = {
			isa = PBXGroup;
			children = (
				3769C1321B2C235E0098649E /* Info.plist */,
			);
			name = "Supporting Files";
			sourceTree = "<group>";
		};
/* End PBXGroup section */

/* Begin PBXNativeTarget section */
		3769C1171B2C235E0098649E /* iWatchCityBikes */ = {
			isa = PBXNativeTarget;
			buildConfigurationList = 3769C1371B2C235E0098649E /* Build configuration list for PBXNativeTarget "iWatchCityBikes" */;
			buildPhases = (
				3769C1141B2C235E0098649E /* Sources */,
				3769C1151B2C235E0098649E /* Frameworks */,
				3769C1161B2C235E0098649E /* Resources */,
			);
			buildRules = (
			);
			dependencies = (
			);
			name = iWatchCityBikes;
			productName = iWatchCityBikes;
			productReference = 3769C1181B2C235E0098649E /* iWatchCityBikes.app */;
			productType = "com.apple.product-type.application";
		};
		3769C12C1B2C235E0098649E /* iWatchCityBikesTests */ = {
			isa = PBXNativeTarget;
			buildConfigurationList = 3769C13A1B2C235E0098649E /* Build configuration list for PBXNativeTarget "iWatchCityBikesTests" */;
			buildPhases = (
				3769C1291B2C235E0098649E /* Sources */,
				3769C12A1B2C235E0098649E /* Frameworks */,
				3769C12B1B2C235E0098649E /* Resources */,
			);
			buildRules = (
			);
			dependencies = (
				3769C12F1B2C235E0098649E /* PBXTargetDependency */,
			);
			name = iWatchCityBikesTests;
			productName = iWatchCityBikesTests;
			productReference = 3769C12D1B2C235E0098649E /* iWatchCityBikesTests.xctest */;
			productType = "com.apple.product-type.bundle.unit-test";
		};
/* End PBXNativeTarget section */

/* Begin PBXProject section */
		3769C1101B2C235E0098649E /* Project object */ = {
			isa = PBXProject;
			attributes = {
				LastUpgradeCheck = 0630;
				ORGANIZATIONNAME = SwiftHackaton;
				TargetAttributes = {
					3769C1171B2C235E0098649E = {
						CreatedOnToolsVersion = 6.3.1;
						SystemCapabilities = {
							com.apple.Maps.iOS = {
								enabled = 1;
							};
						};
					};
					3769C12C1B2C235E0098649E = {
						CreatedOnToolsVersion = 6.3.1;
						TestTargetID = 3769C1171B2C235E0098649E;
					};
				};
			};
			buildConfigurationList = 3769C1131B2C235E0098649E /* Build configuration list for PBXProject "iWatchCityBikes" */;
			compatibilityVersion = "Xcode 3.2";
			developmentRegion = English;
			hasScannedForEncodings = 0;
			knownRegions = (
				en,
				Base,
			);
			mainGroup = 3769C10F1B2C235E0098649E;
			productRefGroup = 3769C1191B2C235E0098649E /* Products */;
			projectDirPath = "";
			projectRoot = "";
			targets = (
				3769C1171B2C235E0098649E /* iWatchCityBikes */,
				3769C12C1B2C235E0098649E /* iWatchCityBikesTests */,
			);
		};
/* End PBXProject section */

/* Begin PBXResourcesBuildPhase section */
		3769C1161B2C235E0098649E /* Resources */ = {
			isa = PBXResourcesBuildPhase;
			buildActionMask = 2147483647;
			files = (
				3769C1231B2C235E0098649E /* Main.storyboard in Resources */,
				3769C1281B2C235E0098649E /* LaunchScreen.xib in Resources */,
				3769C1251B2C235E0098649E /* Images.xcassets in Resources */,
			);
			runOnlyForDeploymentPostprocessing = 0;
		};
		3769C12B1B2C235E0098649E /* Resources */ = {
			isa = PBXResourcesBuildPhase;
			buildActionMask = 2147483647;
			files = (
			);
			runOnlyForDeploymentPostprocessing = 0;
		};
/* End PBXResourcesBuildPhase section */

/* Begin PBXSourcesBuildPhase section */
		3769C1141B2C235E0098649E /* Sources */ = {
			isa = PBXSourcesBuildPhase;
			buildActionMask = 2147483647;
			files = (
				3769C1201B2C235E0098649E /* ViewController.swift in Sources */,
				3769C11E1B2C235E0098649E /* AppDelegate.swift in Sources */,
			);
			runOnlyForDeploymentPostprocessing = 0;
		};
		3769C1291B2C235E0098649E /* Sources */ = {
			isa = PBXSourcesBuildPhase;
			buildActionMask = 2147483647;
			files = (
				3769C1341B2C235E0098649E /* iWatchCityBikesTests.swift in Sources */,
			);
			runOnlyForDeploymentPostprocessing = 0;
		};
/* End PBXSourcesBuildPhase section */

/* Begin PBXTargetDependency section */
		3769C12F1B2C235E0098649E /* PBXTargetDependency */ = {
			isa = PBXTargetDependency;
			target = 3769C1171B2C235E0098649E /* iWatchCityBikes */;
			targetProxy = 3769C12E1B2C235E0098649E /* PBXContainerItemProxy */;
		};
/* End PBXTargetDependency section */

/* Begin PBXVariantGroup section */
		3769C1211B2C235E0098649E /* Main.storyboard */ = {
			isa = PBXVariantGroup;
			children = (
				3769C1221B2C235E0098649E /* Base */,
			);
			name = Main.storyboard;
			sourceTree = "<group>";
		};
		3769C1261B2C235E0098649E /* LaunchScreen.xib */ = {
			isa = PBXVariantGroup;
			children = (
				3769C1271B2C235E0098649E /* Base */,
			);
			name = LaunchScreen.xib;
			sourceTree = "<group>";
		};
/* End PBXVariantGroup section */

/* Begin XCBuildConfiguration section */
		3769C1351B2C235E0098649E /* Debug */ = {
			isa = XCBuildConfiguration;
			buildSettings = {
				ALWAYS_SEARCH_USER_PATHS = NO;
				CLANG_CXX_LANGUAGE_STANDARD = "gnu++0x";
				CLANG_CXX_LIBRARY = "libc++";
				CLANG_ENABLE_MODULES = YES;
				CLANG_ENABLE_OBJC_ARC = YES;
				CLANG_WARN_BOOL_CONVERSION = YES;
				CLANG_WARN_CONSTANT_CONVERSION = YES;
				CLANG_WARN_DIRECT_OBJC_ISA_USAGE = YES_ERROR;
				CLANG_WARN_EMPTY_BODY = YES;
				CLANG_WARN_ENUM_CONVERSION = YES;
				CLANG_WARN_INT_CONVERSION = YES;
				CLANG_WARN_OBJC_ROOT_CLASS = YES_ERROR;
				CLANG_WARN_UNREACHABLE_CODE = YES;
				CLANG_WARN__DUPLICATE_METHOD_MATCH = YES;
				"CODE_SIGN_IDENTITY[sdk=iphoneos*]" = "iPhone Developer";
				COPY_PHASE_STRIP = NO;
				DEBUG_INFORMATION_FORMAT = "dwarf-with-dsym";
				ENABLE_STRICT_OBJC_MSGSEND = YES;
				GCC_C_LANGUAGE_STANDARD = gnu99;
				GCC_DYNAMIC_NO_PIC = NO;
				GCC_NO_COMMON_BLOCKS = YES;
				GCC_OPTIMIZATION_LEVEL = 0;
				GCC_PREPROCESSOR_DEFINITIONS = (
					"DEBUG=1",
					"$(inherited)",
				);
				GCC_SYMBOLS_PRIVATE_EXTERN = NO;
				GCC_WARN_64_TO_32_BIT_CONVERSION = YES;
				GCC_WARN_ABOUT_RETURN_TYPE = YES_ERROR;
				GCC_WARN_UNDECLARED_SELECTOR = YES;
				GCC_WARN_UNINITIALIZED_AUTOS = YES_AGGRESSIVE;
				GCC_WARN_UNUSED_FUNCTION = YES;
				GCC_WARN_UNUSED_VARIABLE = YES;
				IPHONEOS_DEPLOYMENT_TARGET = 8.3;
				MTL_ENABLE_DEBUG_INFO = YES;
				ONLY_ACTIVE_ARCH = YES;
				SDKROOT = iphoneos;
				SWIFT_OPTIMIZATION_LEVEL = "-Onone";
			};
			name = Debug;
		};
		3769C1361B2C235E0098649E /* Release */ = {
			isa = XCBuildConfiguration;
			buildSettings = {
				ALWAYS_SEARCH_USER_PATHS = NO;
				CLANG_CXX_LANGUAGE_STANDARD = "gnu++0x";
				CLANG_CXX_LIBRARY = "libc++";
				CLANG_ENABLE_MODULES = YES;
				CLANG_ENABLE_OBJC_ARC = YES;
				CLANG_WARN_BOOL_CONVERSION = YES;
				CLANG_WARN_CONSTANT_CONVERSION = YES;
				CLANG_WARN_DIRECT_OBJC_ISA_USAGE = YES_ERROR;
				CLANG_WARN_EMPTY_BODY = YES;
				CLANG_WARN_ENUM_CONVERSION = YES;
				CLANG_WARN_INT_CONVERSION = YES;
				CLANG_WARN_OBJC_ROOT_CLASS = YES_ERROR;
				CLANG_WARN_UNREACHABLE_CODE = YES;
				CLANG_WARN__DUPLICATE_METHOD_MATCH = YES;
				"CODE_SIGN_IDENTITY[sdk=iphoneos*]" = "iPhone Developer";
				COPY_PHASE_STRIP = NO;
				DEBUG_INFORMATION_FORMAT = "dwarf-with-dsym";
				ENABLE_NS_ASSERTIONS = NO;
				ENABLE_STRICT_OBJC_MSGSEND = YES;
				GCC_C_LANGUAGE_STANDARD = gnu99;
				GCC_NO_COMMON_BLOCKS = YES;
				GCC_WARN_64_TO_32_BIT_CONVERSION = YES;
				GCC_WARN_ABOUT_RETURN_TYPE = YES_ERROR;
				GCC_WARN_UNDECLARED_SELECTOR = YES;
				GCC_WARN_UNINITIALIZED_AUTOS = YES_AGGRESSIVE;
				GCC_WARN_UNUSED_FUNCTION = YES;
				GCC_WARN_UNUSED_VARIABLE = YES;
				IPHONEOS_DEPLOYMENT_TARGET = 8.3;
				MTL_ENABLE_DEBUG_INFO = NO;
				SDKROOT = iphoneos;
				VALIDATE_PRODUCT = YES;
			};
			name = Release;
		};
		3769C1381B2C235E0098649E /* Debug */ = {
			isa = XCBuildConfiguration;
			buildSettings = {
				ASSETCATALOG_COMPILER_APPICON_NAME = AppIcon;
				INFOPLIST_FILE = iWatchCityBikes/Info.plist;
				LD_RUNPATH_SEARCH_PATHS = "$(inherited) @executable_path/Frameworks";
				PRODUCT_NAME = "$(TARGET_NAME)";
			};
			name = Debug;
		};
		3769C1391B2C235E0098649E /* Release */ = {
			isa = XCBuildConfiguration;
			buildSettings = {
				ASSETCATALOG_COMPILER_APPICON_NAME = AppIcon;
				INFOPLIST_FILE = iWatchCityBikes/Info.plist;
				LD_RUNPATH_SEARCH_PATHS = "$(inherited) @executable_path/Frameworks";
				PRODUCT_NAME = "$(TARGET_NAME)";
			};
			name = Release;
		};
		3769C13B1B2C235E0098649E /* Debug */ = {
			isa = XCBuildConfiguration;
			buildSettings = {
				BUNDLE_LOADER = "$(TEST_HOST)";
				FRAMEWORK_SEARCH_PATHS = (
					"$(SDKROOT)/Developer/Library/Frameworks",
					"$(inherited)",
				);
				GCC_PREPROCESSOR_DEFINITIONS = (
					"DEBUG=1",
					"$(inherited)",
				);
				INFOPLIST_FILE = iWatchCityBikesTests/Info.plist;
				LD_RUNPATH_SEARCH_PATHS = "$(inherited) @executable_path/Frameworks @loader_path/Frameworks";
				PRODUCT_NAME = "$(TARGET_NAME)";
				TEST_HOST = "$(BUILT_PRODUCTS_DIR)/iWatchCityBikes.app/iWatchCityBikes";
			};
			name = Debug;
		};
		3769C13C1B2C235E0098649E /* Release */ = {
			isa = XCBuildConfiguration;
			buildSettings = {
				BUNDLE_LOADER = "$(TEST_HOST)";
				FRAMEWORK_SEARCH_PATHS = (
					"$(SDKROOT)/Developer/Library/Frameworks",
					"$(inherited)",
				);
				INFOPLIST_FILE = iWatchCityBikesTests/Info.plist;
				LD_RUNPATH_SEARCH_PATHS = "$(inherited) @executable_path/Frameworks @loader_path/Frameworks";
				PRODUCT_NAME = "$(TARGET_NAME)";
				TEST_HOST = "$(BUILT_PRODUCTS_DIR)/iWatchCityBikes.app/iWatchCityBikes";
			};
			name = Release;
		};
/* End XCBuildConfiguration section */

/* Begin XCConfigurationList section */
		3769C1131B2C235E0098649E /* Build configuration list for PBXProject "iWatchCityBikes" */ = {
			isa = XCConfigurationList;
			buildConfigurations = (
				3769C1351B2C235E0098649E /* Debug */,
				3769C1361B2C235E0098649E /* Release */,
			);
			defaultConfigurationIsVisible = 0;
			defaultConfigurationName = Release;
		};
		3769C1371B2C235E0098649E /* Build configuration list for PBXNativeTarget "iWatchCityBikes" */ = {
			isa = XCConfigurationList;
			buildConfigurations = (
				3769C1381B2C235E0098649E /* Debug */,
				3769C1391B2C235E0098649E /* Release */,
			);
			defaultConfigurationIsVisible = 0;
			defaultConfigurationName = Release;
		};
		3769C13A1B2C235E0098649E /* Build configuration list for PBXNativeTarget "iWatchCityBikesTests" */ = {
			isa = XCConfigurationList;
			buildConfigurations = (
				3769C13B1B2C235E0098649E /* Debug */,
				3769C13C1B2C235E0098649E /* Release */,
			);
			defaultConfigurationIsVisible = 0;
			defaultConfigurationName = Release;
		};
/* End XCConfigurationList section */
	};
	rootObject = 3769C1101B2C235E0098649E /* Project object */;
}
